
Microsoft Visual Studio Solution File, Format Version 12.00
# Visual Studio Version 17
VisualStudioVersion = 17.10.35027.167
MinimumVisualStudioVersion = 10.0.40219.1
Project("{FAE04EC0-301F-11D3-BF4B-00C04F79EFBC}") = "FIT5032_MyModelFirst", "FIT5032_MyModelFirst\FIT5032_MyModelFirst.csproj", "{3BBE2183-CB41-4A8C-B4BA-1D7E5C55B73D}"
EndProject
Global
	GlobalSection(SolutionConfigurationPlatforms) = preSolution
		Debug|Any CPU = Debug|Any CPU
		Release|Any CPU = Release|Any CPU
	EndGlobalSection
	GlobalSection(ProjectConfigurationPlatforms) = postSolution
		{3BBE2183-CB41-4A8C-B4BA-1D7E5C55B73D}.Debug|Any CPU.ActiveCfg = Debug|Any CPU
		{3BBE2183-CB41-4A8C-B4BA-1D7E5C55B73D}.Debug|Any CPU.Build.0 = Debug|Any CPU
		{3BBE2183-CB41-4A8C-B4BA-1D7E5C55B73D}.Release|Any CPU.ActiveCfg = Release|Any CPU
		{3BBE2183-CB41-4A8C-B4BA-1D7E5C55B73D}.Release|Any CPU.Build.0 = Release|Any CPU
	EndGlobalSection
	GlobalSection(SolutionProperties) = preSolution
		HideSolutionNode = FALSE
	EndGlobalSection
	GlobalSection(ExtensibilityGlobals) = postSolution
		SolutionGuid = {E7886A16-A721-4912-8835-F81DBAB15EAE}
	EndGlobalSection
EndGlobal
